// !$*UTF8*$!
{
	archiveVersion = 1;
	classes = {
	};
	objectVersion = 56;
	objects = {

/* Begin PBXBuildFile section */
		A9F9DCA8294A623100055BEF /* AppDelegate.swift in Sources */ = {isa = PBXBuildFile; fileRef = A9F9DCA7294A623100055BEF /* AppDelegate.swift */; };
		A9F9DCAA294A623100055BEF /* SceneDelegate.swift in Sources */ = {isa = PBXBuildFile; fileRef = A9F9DCA9294A623100055BEF /* SceneDelegate.swift */; };
		A9F9DCAC294A623100055BEF /* WordListCollectionVC.swift in Sources */ = {isa = PBXBuildFile; fileRef = A9F9DCAB294A623100055BEF /* WordListCollectionVC.swift */; };
		A9F9DCB1294A623300055BEF /* Assets.xcassets in Resources */ = {isa = PBXBuildFile; fileRef = A9F9DCB0294A623300055BEF /* Assets.xcassets */; };
		A9F9DCB4294A623300055BEF /* LaunchScreen.storyboard in Resources */ = {isa = PBXBuildFile; fileRef = A9F9DCB2294A623300055BEF /* LaunchScreen.storyboard */; };
		A9F9DCBD294A63ED00055BEF /* SnapKit in Frameworks */ = {isa = PBXBuildFile; productRef = A9F9DCBC294A63ED00055BEF /* SnapKit */; };
		A9F9DCC0294A641C00055BEF /* SwiftExtension in Frameworks */ = {isa = PBXBuildFile; productRef = A9F9DCBF294A641C00055BEF /* SwiftExtension */; };
		A9F9DCC3294A64AD00055BEF /* Fonts.swift in Sources */ = {isa = PBXBuildFile; fileRef = A9F9DCC2294A64AD00055BEF /* Fonts.swift */; };
/* End PBXBuildFile section */

/* Begin PBXFileReference section */
		A9F9DCA4294A623100055BEF /* FlashWords.app */ = {isa = PBXFileReference; explicitFileType = wrapper.application; includeInIndex = 0; path = FlashWords.app; sourceTree = BUILT_PRODUCTS_DIR; };
		A9F9DCA7294A623100055BEF /* AppDelegate.swift */ = {isa = PBXFileReference; lastKnownFileType = sourcecode.swift; path = AppDelegate.swift; sourceTree = "<group>"; };
		A9F9DCA9294A623100055BEF /* SceneDelegate.swift */ = {isa = PBXFileReference; lastKnownFileType = sourcecode.swift; path = SceneDelegate.swift; sourceTree = "<group>"; };
		A9F9DCAB294A623100055BEF /* WordListCollectionVC.swift */ = {isa = PBXFileReference; lastKnownFileType = sourcecode.swift; path = WordListCollectionVC.swift; sourceTree = "<group>"; };
		A9F9DCB0294A623300055BEF /* Assets.xcassets */ = {isa = PBXFileReference; lastKnownFileType = folder.assetcatalog; path = Assets.xcassets; sourceTree = "<group>"; };
		A9F9DCB3294A623300055BEF /* Base */ = {isa = PBXFileReference; lastKnownFileType = file.storyboard; name = Base; path = Base.lproj/LaunchScreen.storyboard; sourceTree = "<group>"; };
		A9F9DCB5294A623300055BEF /* Info.plist */ = {isa = PBXFileReference; lastKnownFileType = text.plist.xml; path = Info.plist; sourceTree = "<group>"; };
		A9F9DCC2294A64AD00055BEF /* Fonts.swift */ = {isa = PBXFileReference; fileEncoding = 4; lastKnownFileType = sourcecode.swift; path = Fonts.swift; sourceTree = "<group>"; };
/* End PBXFileReference section */

/* Begin PBXFrameworksBuildPhase section */
		A9F9DCA1294A623100055BEF /* Frameworks */ = {
			isa = PBXFrameworksBuildPhase;
			buildActionMask = 2147483647;
			files = (
				A9F9DCC0294A641C00055BEF /* SwiftExtension in Frameworks */,
				A9F9DCBD294A63ED00055BEF /* SnapKit in Frameworks */,
			);
			runOnlyForDeploymentPostprocessing = 0;
		};
/* End PBXFrameworksBuildPhase section */

/* Begin PBXGroup section */
		A9F9DC9B294A623100055BEF = {
			isa = PBXGroup;
			children = (
				A9F9DCA6294A623100055BEF /* FlashWords */,
				A9F9DCA5294A623100055BEF /* Products */,
			);
			sourceTree = "<group>";
		};
		A9F9DCA5294A623100055BEF /* Products */ = {
			isa = PBXGroup;
			children = (
				A9F9DCA4294A623100055BEF /* FlashWords.app */,
			);
			name = Products;
			sourceTree = "<group>";
		};
		A9F9DCA6294A623100055BEF /* FlashWords */ = {
			isa = PBXGroup;
			children = (
				A9F9DCC1294A64AD00055BEF /* Tools */,
				A9F9DCC5294A64C400055BEF /* WordListCollectionVC */,
				A9F9DCC4294A64B300055BEF /* Supporting Files */,
			);
			path = FlashWords;
			sourceTree = "<group>";
		};
		A9F9DCC1294A64AD00055BEF /* Tools */ = {
			isa = PBXGroup;
			children = (
				A9F9DCC2294A64AD00055BEF /* Fonts.swift */,
			);
			path = Tools;
			sourceTree = "<group>";
		};
		A9F9DCC4294A64B300055BEF /* Supporting Files */ = {
			isa = PBXGroup;
			children = (
				A9F9DCA7294A623100055BEF /* AppDelegate.swift */,
				A9F9DCA9294A623100055BEF /* SceneDelegate.swift */,
				A9F9DCB0294A623300055BEF /* Assets.xcassets */,
				A9F9DCB2294A623300055BEF /* LaunchScreen.storyboard */,
				A9F9DCB5294A623300055BEF /* Info.plist */,
			);
			path = "Supporting Files";
			sourceTree = "<group>";
		};
		A9F9DCC5294A64C400055BEF /* WordListCollectionVC */ = {
			isa = PBXGroup;
			children = (
				A9F9DCAB294A623100055BEF /* WordListCollectionVC.swift */,
			);
			path = WordListCollectionVC;
			sourceTree = "<group>";
		};
/* End PBXGroup section */

/* Begin PBXNativeTarget section */
		A9F9DCA3294A623100055BEF /* FlashWords */ = {
			isa = PBXNativeTarget;
			buildConfigurationList = A9F9DCB8294A623300055BEF /* Build configuration list for PBXNativeTarget "FlashWords" */;
			buildPhases = (
				A9F9DCA0294A623100055BEF /* Sources */,
				A9F9DCA1294A623100055BEF /* Frameworks */,
				A9F9DCA2294A623100055BEF /* Resources */,
			);
			buildRules = (
			);
			dependencies = (
			);
			name = FlashWords;
			packageProductDependencies = (
				A9F9DCBC294A63ED00055BEF /* SnapKit */,
				A9F9DCBF294A641C00055BEF /* SwiftExtension */,
			);
			productName = FlashWords;
			productReference = A9F9DCA4294A623100055BEF /* FlashWords.app */;
			productType = "com.apple.product-type.application";
		};
/* End PBXNativeTarget section */

/* Begin PBXProject section */
		A9F9DC9C294A623100055BEF /* Project object */ = {
			isa = PBXProject;
			attributes = {
				BuildIndependentTargetsInParallel = 1;
				LastSwiftUpdateCheck = 1400;
				LastUpgradeCheck = 1400;
				TargetAttributes = {
					A9F9DCA3294A623100055BEF = {
						CreatedOnToolsVersion = 14.0.1;
					};
				};
			};
			buildConfigurationList = A9F9DC9F294A623100055BEF /* Build configuration list for PBXProject "FlashWords" */;
			compatibilityVersion = "Xcode 14.0";
			developmentRegion = en;
			hasScannedForEncodings = 0;
			knownRegions = (
				en,
				Base,
			);
			mainGroup = A9F9DC9B294A623100055BEF;
			packageReferences = (
				A9F9DCBB294A63ED00055BEF /* XCRemoteSwiftPackageReference "SnapKit" */,
				A9F9DCBE294A641C00055BEF /* XCRemoteSwiftPackageReference "Extensions" */,
			);
			productRefGroup = A9F9DCA5294A623100055BEF /* Products */;
			projectDirPath = "";
			projectRoot = "";
			targets = (
				A9F9DCA3294A623100055BEF /* FlashWords */,
			);
		};
/* End PBXProject section */

/* Begin PBXResourcesBuildPhase section */
		A9F9DCA2294A623100055BEF /* Resources */ = {
			isa = PBXResourcesBuildPhase;
			buildActionMask = 2147483647;
			files = (
				A9F9DCB4294A623300055BEF /* LaunchScreen.storyboard in Resources */,
				A9F9DCB1294A623300055BEF /* Assets.xcassets in Resources */,
			);
			runOnlyForDeploymentPostprocessing = 0;
		};
/* End PBXResourcesBuildPhase section */

/* Begin PBXSourcesBuildPhase section */
		A9F9DCA0294A623100055BEF /* Sources */ = {
			isa = PBXSourcesBuildPhase;
			buildActionMask = 2147483647;
			files = (
				A9F9DCC3294A64AD00055BEF /* Fonts.swift in Sources */,
				A9F9DCAC294A623100055BEF /* WordListCollectionVC.swift in Sources */,
				A9F9DCA8294A623100055BEF /* AppDelegate.swift in Sources */,
				A9F9DCAA294A623100055BEF /* SceneDelegate.swift in Sources */,
			);
			runOnlyForDeploymentPostprocessing = 0;
		};
/* End PBXSourcesBuildPhase section */

/* Begin PBXVariantGroup section */
		A9F9DCB2294A623300055BEF /* LaunchScreen.storyboard */ = {
			isa = PBXVariantGroup;
			children = (
				A9F9DCB3294A623300055BEF /* Base */,
			);
			name = LaunchScreen.storyboard;
			sourceTree = "<group>";
		};
/* End PBXVariantGroup section */

/* Begin XCBuildConfiguration section */
		A9F9DCB6294A623300055BEF /* Debug */ = {
			isa = XCBuildConfiguration;
			buildSettings = {
				ALWAYS_SEARCH_USER_PATHS = NO;
				CLANG_ANALYZER_NONNULL = YES;
				CLANG_ANALYZER_NUMBER_OBJECT_CONVERSION = YES_AGGRESSIVE;
				CLANG_CXX_LANGUAGE_STANDARD = "gnu++20";
				CLANG_ENABLE_MODULES = YES;
				CLANG_ENABLE_OBJC_ARC = YES;
				CLANG_ENABLE_OBJC_WEAK = YES;
				CLANG_WARN_BLOCK_CAPTURE_AUTORELEASING = YES;
				CLANG_WARN_BOOL_CONVERSION = YES;
				CLANG_WARN_COMMA = YES;
				CLANG_WARN_CONSTANT_CONVERSION = YES;
				CLANG_WARN_DEPRECATED_OBJC_IMPLEMENTATIONS = YES;
				CLANG_WARN_DIRECT_OBJC_ISA_USAGE = YES_ERROR;
				CLANG_WARN_DOCUMENTATION_COMMENTS = YES;
				CLANG_WARN_EMPTY_BODY = YES;
				CLANG_WARN_ENUM_CONVERSION = YES;
				CLANG_WARN_INFINITE_RECURSION = YES;
				CLANG_WARN_INT_CONVERSION = YES;
				CLANG_WARN_NON_LITERAL_NULL_CONVERSION = YES;
				CLANG_WARN_OBJC_IMPLICIT_RETAIN_SELF = YES;
				CLANG_WARN_OBJC_LITERAL_CONVERSION = YES;
				CLANG_WARN_OBJC_ROOT_CLASS = YES_ERROR;
				CLANG_WARN_QUOTED_INCLUDE_IN_FRAMEWORK_HEADER = YES;
				CLANG_WARN_RANGE_LOOP_ANALYSIS = YES;
				CLANG_WARN_STRICT_PROTOTYPES = YES;
				CLANG_WARN_SUSPICIOUS_MOVE = YES;
				CLANG_WARN_UNGUARDED_AVAILABILITY = YES_AGGRESSIVE;
				CLANG_WARN_UNREACHABLE_CODE = YES;
				CLANG_WARN__DUPLICATE_METHOD_MATCH = YES;
				COPY_PHASE_STRIP = NO;
				DEBUG_INFORMATION_FORMAT = dwarf;
				ENABLE_STRICT_OBJC_MSGSEND = YES;
				ENABLE_TESTABILITY = YES;
				GCC_C_LANGUAGE_STANDARD = gnu11;
				GCC_DYNAMIC_NO_PIC = NO;
				GCC_NO_COMMON_BLOCKS = YES;
				GCC_OPTIMIZATION_LEVEL = 0;
				GCC_PREPROCESSOR_DEFINITIONS = (
					"DEBUG=1",
					"$(inherited)",
				);
				GCC_WARN_64_TO_32_BIT_CONVERSION = YES;
				GCC_WARN_ABOUT_RETURN_TYPE = YES_ERROR;
				GCC_WARN_UNDECLARED_SELECTOR = YES;
				GCC_WARN_UNINITIALIZED_AUTOS = YES_AGGRESSIVE;
				GCC_WARN_UNUSED_FUNCTION = YES;
				GCC_WARN_UNUSED_VARIABLE = YES;
				IPHONEOS_DEPLOYMENT_TARGET = 13.0;
				MTL_ENABLE_DEBUG_INFO = INCLUDE_SOURCE;
				MTL_FAST_MATH = YES;
				ONLY_ACTIVE_ARCH = YES;
				SDKROOT = iphoneos;
				SWIFT_ACTIVE_COMPILATION_CONDITIONS = DEBUG;
				SWIFT_OPTIMIZATION_LEVEL = "-Onone";
			};
			name = Debug;
		};
		A9F9DCB7294A623300055BEF /* Release */ = {
			isa = XCBuildConfiguration;
			buildSettings = {
				ALWAYS_SEARCH_USER_PATHS = NO;
				CLANG_ANALYZER_NONNULL = YES;
				CLANG_ANALYZER_NUMBER_OBJECT_CONVERSION = YES_AGGRESSIVE;
				CLANG_CXX_LANGUAGE_STANDARD = "gnu++20";
				CLANG_ENABLE_MODULES = YES;
				CLANG_ENABLE_OBJC_ARC = YES;
				CLANG_ENABLE_OBJC_WEAK = YES;
				CLANG_WARN_BLOCK_CAPTURE_AUTORELEASING = YES;
				CLANG_WARN_BOOL_CONVERSION = YES;
				CLANG_WARN_COMMA = YES;
				CLANG_WARN_CONSTANT_CONVERSION = YES;
				CLANG_WARN_DEPRECATED_OBJC_IMPLEMENTATIONS = YES;
				CLANG_WARN_DIRECT_OBJC_ISA_USAGE = YES_ERROR;
				CLANG_WARN_DOCUMENTATION_COMMENTS = YES;
				CLANG_WARN_EMPTY_BODY = YES;
				CLANG_WARN_ENUM_CONVERSION = YES;
				CLANG_WARN_INFINITE_RECURSION = YES;
				CLANG_WARN_INT_CONVERSION = YES;
				CLANG_WARN_NON_LITERAL_NULL_CONVERSION = YES;
				CLANG_WARN_OBJC_IMPLICIT_RETAIN_SELF = YES;
				CLANG_WARN_OBJC_LITERAL_CONVERSION = YES;
				CLANG_WARN_OBJC_ROOT_CLASS = YES_ERROR;
				CLANG_WARN_QUOTED_INCLUDE_IN_FRAMEWORK_HEADER = YES;
				CLANG_WARN_RANGE_LOOP_ANALYSIS = YES;
				CLANG_WARN_STRICT_PROTOTYPES = YES;
				CLANG_WARN_SUSPICIOUS_MOVE = YES;
				CLANG_WARN_UNGUARDED_AVAILABILITY = YES_AGGRESSIVE;
				CLANG_WARN_UNREACHABLE_CODE = YES;
				CLANG_WARN__DUPLICATE_METHOD_MATCH = YES;
				COPY_PHASE_STRIP = NO;
				DEBUG_INFORMATION_FORMAT = "dwarf-with-dsym";
				ENABLE_NS_ASSERTIONS = NO;
				ENABLE_STRICT_OBJC_MSGSEND = YES;
				GCC_C_LANGUAGE_STANDARD = gnu11;
				GCC_NO_COMMON_BLOCKS = YES;
				GCC_WARN_64_TO_32_BIT_CONVERSION = YES;
				GCC_WARN_ABOUT_RETURN_TYPE = YES_ERROR;
				GCC_WARN_UNDECLARED_SELECTOR = YES;
				GCC_WARN_UNINITIALIZED_AUTOS = YES_AGGRESSIVE;
				GCC_WARN_UNUSED_FUNCTION = YES;
				GCC_WARN_UNUSED_VARIABLE = YES;
				IPHONEOS_DEPLOYMENT_TARGET = 13.0;
				MTL_ENABLE_DEBUG_INFO = NO;
				MTL_FAST_MATH = YES;
				SDKROOT = iphoneos;
				SWIFT_COMPILATION_MODE = wholemodule;
				SWIFT_OPTIMIZATION_LEVEL = "-O";
				VALIDATE_PRODUCT = YES;
			};
			name = Release;
		};
		A9F9DCB9294A623300055BEF /* Debug */ = {
			isa = XCBuildConfiguration;
			buildSettings = {
				ASSETCATALOG_COMPILER_APPICON_NAME = AppIcon;
				ASSETCATALOG_COMPILER_GLOBAL_ACCENT_COLOR_NAME = AccentColor;
				CODE_SIGN_STYLE = Automatic;
				CURRENT_PROJECT_VERSION = 1;
				DEVELOPMENT_TEAM = CY87MBJTCB;
				GENERATE_INFOPLIST_FILE = YES;
				INFOPLIST_FILE = "FlashWords/Supporting Files/Info.plist";
				INFOPLIST_KEY_UIApplicationSupportsIndirectInputEvents = YES;
				INFOPLIST_KEY_UILaunchStoryboardName = LaunchScreen.storyboard;
				INFOPLIST_KEY_UIStatusBarStyle = UIStatusBarStyleDarkContent;
				INFOPLIST_KEY_UISupportedInterfaceOrientations = UIInterfaceOrientationPortrait;
				INFOPLIST_KEY_UISupportedInterfaceOrientations_iPad = "UIInterfaceOrientationLandscapeLeft UIInterfaceOrientationLandscapeRight UIInterfaceOrientationPortrait UIInterfaceOrientationPortraitUpsideDown";
				LD_RUNPATH_SEARCH_PATHS = (
					"$(inherited)",
					"@executable_path/Frameworks",
				);
				MARKETING_VERSION = 1.0;
				PRODUCT_BUNDLE_IDENTIFIER = irklch.FlashWords;
				PRODUCT_NAME = "$(TARGET_NAME)";
				SUPPORTED_PLATFORMS = "iphoneos iphonesimulator";
				SUPPORTS_MACCATALYST = NO;
				SUPPORTS_MAC_DESIGNED_FOR_IPHONE_IPAD = NO;
				SWIFT_EMIT_LOC_STRINGS = YES;
				SWIFT_VERSION = 5.0;
				TARGETED_DEVICE_FAMILY = 1;
			};
			name = Debug;
		};
		A9F9DCBA294A623300055BEF /* Release */ = {
			isa = XCBuildConfiguration;
			buildSettings = {
				ASSETCATALOG_COMPILER_APPICON_NAME = AppIcon;
				ASSETCATALOG_COMPILER_GLOBAL_ACCENT_COLOR_NAME = AccentColor;
				CODE_SIGN_STYLE = Automatic;
				CURRENT_PROJECT_VERSION = 1;
				DEVELOPMENT_TEAM = CY87MBJTCB;
				GENERATE_INFOPLIST_FILE = YES;
				INFOPLIST_FILE = "FlashWords/Supporting Files/Info.plist";
				INFOPLIST_KEY_UIApplicationSupportsIndirectInputEvents = YES;
				INFOPLIST_KEY_UILaunchStoryboardName = LaunchScreen.storyboard;
				INFOPLIST_KEY_UIStatusBarStyle = UIStatusBarStyleDarkContent;
				INFOPLIST_KEY_UISupportedInterfaceOrientations = UIInterfaceOrientationPortrait;
				INFOPLIST_KEY_UISupportedInterfaceOrientations_iPad = "UIInterfaceOrientationLandscapeLeft UIInterfaceOrientationLandscapeRight UIInterfaceOrientationPortrait UIInterfaceOrientationPortraitUpsideDown";
				LD_RUNPATH_SEARCH_PATHS = (
					"$(inherited)",
					"@executable_path/Frameworks",
				);
				MARKETING_VERSION = 1.0;
				PRODUCT_BUNDLE_IDENTIFIER = irklch.FlashWords;
				PRODUCT_NAME = "$(TARGET_NAME)";
				SUPPORTED_PLATFORMS = "iphoneos iphonesimulator";
				SUPPORTS_MACCATALYST = NO;
				SUPPORTS_MAC_DESIGNED_FOR_IPHONE_IPAD = NO;
				SWIFT_EMIT_LOC_STRINGS = YES;
				SWIFT_VERSION = 5.0;
				TARGETED_DEVICE_FAMILY = 1;
			};
			name = Release;
		};
/* End XCBuildConfiguration section */

/* Begin XCConfigurationList section */
		A9F9DC9F294A623100055BEF /* Build configuration list for PBXProject "FlashWords" */ = {
			isa = XCConfigurationList;
			buildConfigurations = (
				A9F9DCB6294A623300055BEF /* Debug */,
				A9F9DCB7294A623300055BEF /* Release */,
			);
			defaultConfigurationIsVisible = 0;
			defaultConfigurationName = Release;
		};
		A9F9DCB8294A623300055BEF /* Build configuration list for PBXNativeTarget "FlashWords" */ = {
			isa = XCConfigurationList;
			buildConfigurations = (
				A9F9DCB9294A623300055BEF /* Debug */,
				A9F9DCBA294A623300055BEF /* Release */,
			);
			defaultConfigurationIsVisible = 0;
			defaultConfigurationName = Release;
		};
/* End XCConfigurationList section */

/* Begin XCRemoteSwiftPackageReference section */
		A9F9DCBB294A63ED00055BEF /* XCRemoteSwiftPackageReference "SnapKit" */ = {
			isa = XCRemoteSwiftPackageReference;
			repositoryURL = "https://github.com/SnapKit/SnapKit.git";
			requirement = {
				kind = upToNextMajorVersion;
				minimumVersion = 5.0.1;
			};
		};
		A9F9DCBE294A641C00055BEF /* XCRemoteSwiftPackageReference "Extensions" */ = {
			isa = XCRemoteSwiftPackageReference;
			repositoryURL = "https://github.com/svyat96/Extensions";
			requirement = {
				branch = main;
				kind = branch;
			};
		};
/* End XCRemoteSwiftPackageReference section */

/* Begin XCSwiftPackageProductDependency section */
		A9F9DCBC294A63ED00055BEF /* SnapKit */ = {
			isa = XCSwiftPackageProductDependency;
			package = A9F9DCBB294A63ED00055BEF /* XCRemoteSwiftPackageReference "SnapKit" */;
			productName = SnapKit;
		};
		A9F9DCBF294A641C00055BEF /* SwiftExtension */ = {
			isa = XCSwiftPackageProductDependency;
			package = A9F9DCBE294A641C00055BEF /* XCRemoteSwiftPackageReference "Extensions" */;
			productName = SwiftExtension;
		};
/* End XCSwiftPackageProductDependency section */
	};
	rootObject = A9F9DC9C294A623100055BEF /* Project object */;
}
