// !$*UTF8*$!
{
	archiveVersion = 1;
	classes = {
	};
	objectVersion = 56;
	objects = {

/* Begin PBXBuildFile section */
		A90FDAA1298DCAFA00F04809 /* AnyCancellableManager.swift in Sources */ = {isa = PBXBuildFile; fileRef = A90FDAA0298DCAFA00F04809 /* AnyCancellableManager.swift */; };
		A9281F602964A74300393585 /* FoldersModelDB.swift in Sources */ = {isa = PBXBuildFile; fileRef = A9281F5F2964A74300393585 /* FoldersModelDB.swift */; };
		A9281F632964A75600393585 /* FoldersModelNonDB.swift in Sources */ = {isa = PBXBuildFile; fileRef = A9281F622964A75600393585 /* FoldersModelNonDB.swift */; };
		A92FE73D294E0B2E0025118C /* String+Sizes.swift in Sources */ = {isa = PBXBuildFile; fileRef = A92FE73C294E0B2E0025118C /* String+Sizes.swift */; };
		A92FE742294E748D0025118C /* UIViewController+KeyboardDismiss.swift in Sources */ = {isa = PBXBuildFile; fileRef = A92FE741294E748D0025118C /* UIViewController+KeyboardDismiss.swift */; };
		A92FE744294E7F570025118C /* Avenir Medium.ttc in Resources */ = {isa = PBXBuildFile; fileRef = A92FE743294E7F570025118C /* Avenir Medium.ttc */; };
		A92FE746294E82CB0025118C /* Symbols.swift in Sources */ = {isa = PBXBuildFile; fileRef = A92FE745294E82CB0025118C /* Symbols.swift */; };
		A96F74E42967303B0066F668 /* FoldersTableVC.swift in Sources */ = {isa = PBXBuildFile; fileRef = A96F74E32967303B0066F668 /* FoldersTableVC.swift */; };
		A96F74E72967305D0066F668 /* FoldersTableViewModel.swift in Sources */ = {isa = PBXBuildFile; fileRef = A96F74E62967305D0066F668 /* FoldersTableViewModel.swift */; };
		A96F74E9296732490066F668 /* StorageManager.swift in Sources */ = {isa = PBXBuildFile; fileRef = A96F74E8296732490066F668 /* StorageManager.swift */; };
		A9A7E79D297CA01B00B4B036 /* FolderTableViewCell.swift in Sources */ = {isa = PBXBuildFile; fileRef = A9A7E79C297CA01B00B4B036 /* FolderTableViewCell.swift */; };
		A9A7E79F297CA07200B4B036 /* FolderTableViewCellViewModel.swift in Sources */ = {isa = PBXBuildFile; fileRef = A9A7E79E297CA07200B4B036 /* FolderTableViewCellViewModel.swift */; };
		A9C152F8294A6BC6004A0662 /* Colors.xcassets in Resources */ = {isa = PBXBuildFile; fileRef = A9C152F7294A6BC6004A0662 /* Colors.xcassets */; };
		A9C152FB294A6FB3004A0662 /* Colors.swift in Sources */ = {isa = PBXBuildFile; fileRef = A9C152FA294A6FB3004A0662 /* Colors.swift */; };
		A9C152FD294A7613004A0662 /* Titles.swift in Sources */ = {isa = PBXBuildFile; fileRef = A9C152FC294A7613004A0662 /* Titles.swift */; };
		A9C15306294A7C25004A0662 /* Avenir.ttc in Resources */ = {isa = PBXBuildFile; fileRef = A9C15305294A7C25004A0662 /* Avenir.ttc */; };
		A9C1530A294A8386004A0662 /* Avenir Black.ttc in Resources */ = {isa = PBXBuildFile; fileRef = A9C15309294A8386004A0662 /* Avenir Black.ttc */; };
		A9C1530C294A868A004A0662 /* Images.swift in Sources */ = {isa = PBXBuildFile; fileRef = A9C1530B294A868A004A0662 /* Images.swift */; };
		A9C944222964E5E30092B02F /* WordListTableVC.swift in Sources */ = {isa = PBXBuildFile; fileRef = A9C944192964E5E30092B02F /* WordListTableVC.swift */; };
		A9C944242964E5E30092B02F /* WordTableViewCellViewModel.swift in Sources */ = {isa = PBXBuildFile; fileRef = A9C9441C2964E5E30092B02F /* WordTableViewCellViewModel.swift */; };
		A9C944252964E5E30092B02F /* WordTableViewCell.swift in Sources */ = {isa = PBXBuildFile; fileRef = A9C9441D2964E5E30092B02F /* WordTableViewCell.swift */; };
		A9C944262964E5E30092B02F /* WordListTableViewModel.swift in Sources */ = {isa = PBXBuildFile; fileRef = A9C9441E2964E5E30092B02F /* WordListTableViewModel.swift */; };
		A9C944272964E5E30092B02F /* NewWordInputView.swift in Sources */ = {isa = PBXBuildFile; fileRef = A9C944202964E5E30092B02F /* NewWordInputView.swift */; };
		A9C944282964E5E30092B02F /* NewWordInputViewModel.swift in Sources */ = {isa = PBXBuildFile; fileRef = A9C944212964E5E30092B02F /* NewWordInputViewModel.swift */; };
		A9EDB7E9295730ED001CDE86 /* WordsModelDB.swift in Sources */ = {isa = PBXBuildFile; fileRef = A9EDB7E8295730ED001CDE86 /* WordsModelDB.swift */; };
		A9EDB7EC2957323A001CDE86 /* DBError.swift in Sources */ = {isa = PBXBuildFile; fileRef = A9EDB7EB2957323A001CDE86 /* DBError.swift */; };
		A9EDB7EE2957325B001CDE86 /* WordsModelNonDB.swift in Sources */ = {isa = PBXBuildFile; fileRef = A9EDB7ED2957325B001CDE86 /* WordsModelNonDB.swift */; };
		A9F9DCA8294A623100055BEF /* AppDelegate.swift in Sources */ = {isa = PBXBuildFile; fileRef = A9F9DCA7294A623100055BEF /* AppDelegate.swift */; };
		A9F9DCAA294A623100055BEF /* SceneDelegate.swift in Sources */ = {isa = PBXBuildFile; fileRef = A9F9DCA9294A623100055BEF /* SceneDelegate.swift */; };
		A9F9DCB1294A623300055BEF /* Images.xcassets in Resources */ = {isa = PBXBuildFile; fileRef = A9F9DCB0294A623300055BEF /* Images.xcassets */; };
		A9F9DCB4294A623300055BEF /* LaunchScreen.storyboard in Resources */ = {isa = PBXBuildFile; fileRef = A9F9DCB2294A623300055BEF /* LaunchScreen.storyboard */; };
		A9F9DCBD294A63ED00055BEF /* SnapKit in Frameworks */ = {isa = PBXBuildFile; productRef = A9F9DCBC294A63ED00055BEF /* SnapKit */; };
		A9F9DCC0294A641C00055BEF /* SwiftExtension in Frameworks */ = {isa = PBXBuildFile; productRef = A9F9DCBF294A641C00055BEF /* SwiftExtension */; };
		A9F9DCC3294A64AD00055BEF /* Fonts.swift in Sources */ = {isa = PBXBuildFile; fileRef = A9F9DCC2294A64AD00055BEF /* Fonts.swift */; };
		D57C574DEDE1017976FF0E6F /* Pods_FlashWords.framework in Frameworks */ = {isa = PBXBuildFile; fileRef = A4F5D31A2065704322441BBA /* Pods_FlashWords.framework */; };
/* End PBXBuildFile section */

/* Begin PBXFileReference section */
		A342CBD72CD7C4C5D6EE7A30 /* Pods-FlashWords.release.xcconfig */ = {isa = PBXFileReference; includeInIndex = 1; lastKnownFileType = text.xcconfig; name = "Pods-FlashWords.release.xcconfig"; path = "Target Support Files/Pods-FlashWords/Pods-FlashWords.release.xcconfig"; sourceTree = "<group>"; };
		A4F5D31A2065704322441BBA /* Pods_FlashWords.framework */ = {isa = PBXFileReference; explicitFileType = wrapper.framework; includeInIndex = 0; path = Pods_FlashWords.framework; sourceTree = BUILT_PRODUCTS_DIR; };
		A90FDAA0298DCAFA00F04809 /* AnyCancellableManager.swift */ = {isa = PBXFileReference; lastKnownFileType = sourcecode.swift; path = AnyCancellableManager.swift; sourceTree = "<group>"; };
		A9281F5F2964A74300393585 /* FoldersModelDB.swift */ = {isa = PBXFileReference; lastKnownFileType = sourcecode.swift; path = FoldersModelDB.swift; sourceTree = "<group>"; };
		A9281F622964A75600393585 /* FoldersModelNonDB.swift */ = {isa = PBXFileReference; lastKnownFileType = sourcecode.swift; path = FoldersModelNonDB.swift; sourceTree = "<group>"; };
		A92FE73C294E0B2E0025118C /* String+Sizes.swift */ = {isa = PBXFileReference; lastKnownFileType = sourcecode.swift; path = "String+Sizes.swift"; sourceTree = "<group>"; };
		A92FE741294E748D0025118C /* UIViewController+KeyboardDismiss.swift */ = {isa = PBXFileReference; lastKnownFileType = sourcecode.swift; path = "UIViewController+KeyboardDismiss.swift"; sourceTree = "<group>"; };
		A92FE743294E7F570025118C /* Avenir Medium.ttc */ = {isa = PBXFileReference; lastKnownFileType = file; path = "Avenir Medium.ttc"; sourceTree = "<group>"; };
		A92FE745294E82CB0025118C /* Symbols.swift */ = {isa = PBXFileReference; lastKnownFileType = sourcecode.swift; path = Symbols.swift; sourceTree = "<group>"; };
		A96F74E32967303B0066F668 /* FoldersTableVC.swift */ = {isa = PBXFileReference; lastKnownFileType = sourcecode.swift; path = FoldersTableVC.swift; sourceTree = "<group>"; };
		A96F74E62967305D0066F668 /* FoldersTableViewModel.swift */ = {isa = PBXFileReference; lastKnownFileType = sourcecode.swift; path = FoldersTableViewModel.swift; sourceTree = "<group>"; };
		A96F74E8296732490066F668 /* StorageManager.swift */ = {isa = PBXFileReference; lastKnownFileType = sourcecode.swift; path = StorageManager.swift; sourceTree = "<group>"; };
		A9A7E79C297CA01B00B4B036 /* FolderTableViewCell.swift */ = {isa = PBXFileReference; lastKnownFileType = sourcecode.swift; path = FolderTableViewCell.swift; sourceTree = "<group>"; };
		A9A7E79E297CA07200B4B036 /* FolderTableViewCellViewModel.swift */ = {isa = PBXFileReference; lastKnownFileType = sourcecode.swift; path = FolderTableViewCellViewModel.swift; sourceTree = "<group>"; };
		A9C152F7294A6BC6004A0662 /* Colors.xcassets */ = {isa = PBXFileReference; lastKnownFileType = folder.assetcatalog; path = Colors.xcassets; sourceTree = "<group>"; };
		A9C152FA294A6FB3004A0662 /* Colors.swift */ = {isa = PBXFileReference; fileEncoding = 4; lastKnownFileType = sourcecode.swift; path = Colors.swift; sourceTree = "<group>"; };
		A9C152FC294A7613004A0662 /* Titles.swift */ = {isa = PBXFileReference; lastKnownFileType = sourcecode.swift; path = Titles.swift; sourceTree = "<group>"; };
		A9C15305294A7C25004A0662 /* Avenir.ttc */ = {isa = PBXFileReference; lastKnownFileType = file; path = Avenir.ttc; sourceTree = "<group>"; };
		A9C15309294A8386004A0662 /* Avenir Black.ttc */ = {isa = PBXFileReference; lastKnownFileType = file; path = "Avenir Black.ttc"; sourceTree = "<group>"; };
		A9C1530B294A868A004A0662 /* Images.swift */ = {isa = PBXFileReference; lastKnownFileType = sourcecode.swift; path = Images.swift; sourceTree = "<group>"; };
		A9C944192964E5E30092B02F /* WordListTableVC.swift */ = {isa = PBXFileReference; fileEncoding = 4; lastKnownFileType = sourcecode.swift; path = WordListTableVC.swift; sourceTree = "<group>"; };
		A9C9441C2964E5E30092B02F /* WordTableViewCellViewModel.swift */ = {isa = PBXFileReference; fileEncoding = 4; lastKnownFileType = sourcecode.swift; path = WordTableViewCellViewModel.swift; sourceTree = "<group>"; };
		A9C9441D2964E5E30092B02F /* WordTableViewCell.swift */ = {isa = PBXFileReference; fileEncoding = 4; lastKnownFileType = sourcecode.swift; path = WordTableViewCell.swift; sourceTree = "<group>"; };
		A9C9441E2964E5E30092B02F /* WordListTableViewModel.swift */ = {isa = PBXFileReference; fileEncoding = 4; lastKnownFileType = sourcecode.swift; path = WordListTableViewModel.swift; sourceTree = "<group>"; };
		A9C944202964E5E30092B02F /* NewWordInputView.swift */ = {isa = PBXFileReference; fileEncoding = 4; lastKnownFileType = sourcecode.swift; path = NewWordInputView.swift; sourceTree = "<group>"; };
		A9C944212964E5E30092B02F /* NewWordInputViewModel.swift */ = {isa = PBXFileReference; fileEncoding = 4; lastKnownFileType = sourcecode.swift; path = NewWordInputViewModel.swift; sourceTree = "<group>"; };
		A9EDB7E8295730ED001CDE86 /* WordsModelDB.swift */ = {isa = PBXFileReference; lastKnownFileType = sourcecode.swift; path = WordsModelDB.swift; sourceTree = "<group>"; };
		A9EDB7EB2957323A001CDE86 /* DBError.swift */ = {isa = PBXFileReference; lastKnownFileType = sourcecode.swift; path = DBError.swift; sourceTree = "<group>"; };
		A9EDB7ED2957325B001CDE86 /* WordsModelNonDB.swift */ = {isa = PBXFileReference; lastKnownFileType = sourcecode.swift; path = WordsModelNonDB.swift; sourceTree = "<group>"; };
		A9F9DCA4294A623100055BEF /* FlashWords.app */ = {isa = PBXFileReference; explicitFileType = wrapper.application; includeInIndex = 0; path = FlashWords.app; sourceTree = BUILT_PRODUCTS_DIR; };
		A9F9DCA7294A623100055BEF /* AppDelegate.swift */ = {isa = PBXFileReference; lastKnownFileType = sourcecode.swift; path = AppDelegate.swift; sourceTree = "<group>"; };
		A9F9DCA9294A623100055BEF /* SceneDelegate.swift */ = {isa = PBXFileReference; lastKnownFileType = sourcecode.swift; path = SceneDelegate.swift; sourceTree = "<group>"; };
		A9F9DCB0294A623300055BEF /* Images.xcassets */ = {isa = PBXFileReference; lastKnownFileType = folder.assetcatalog; path = Images.xcassets; sourceTree = "<group>"; };
		A9F9DCB3294A623300055BEF /* Base */ = {isa = PBXFileReference; lastKnownFileType = file.storyboard; name = Base; path = Base.lproj/LaunchScreen.storyboard; sourceTree = "<group>"; };
		A9F9DCB5294A623300055BEF /* Info.plist */ = {isa = PBXFileReference; lastKnownFileType = text.plist.xml; path = Info.plist; sourceTree = "<group>"; };
		A9F9DCC2294A64AD00055BEF /* Fonts.swift */ = {isa = PBXFileReference; fileEncoding = 4; lastKnownFileType = sourcecode.swift; path = Fonts.swift; sourceTree = "<group>"; };
		DFDBDC7D6AB252E63F4FA1AB /* Pods-FlashWords.debug.xcconfig */ = {isa = PBXFileReference; includeInIndex = 1; lastKnownFileType = text.xcconfig; name = "Pods-FlashWords.debug.xcconfig"; path = "Target Support Files/Pods-FlashWords/Pods-FlashWords.debug.xcconfig"; sourceTree = "<group>"; };
/* End PBXFileReference section */

/* Begin PBXFrameworksBuildPhase section */
		A9F9DCA1294A623100055BEF /* Frameworks */ = {
			isa = PBXFrameworksBuildPhase;
			buildActionMask = 2147483647;
			files = (
				A9F9DCC0294A641C00055BEF /* SwiftExtension in Frameworks */,
				A9F9DCBD294A63ED00055BEF /* SnapKit in Frameworks */,
				D57C574DEDE1017976FF0E6F /* Pods_FlashWords.framework in Frameworks */,
			);
			runOnlyForDeploymentPostprocessing = 0;
		};
/* End PBXFrameworksBuildPhase section */

/* Begin PBXGroup section */
		71B7C62BFBB80EB9F0FDD2B6 /* Pods */ = {
			isa = PBXGroup;
			children = (
				DFDBDC7D6AB252E63F4FA1AB /* Pods-FlashWords.debug.xcconfig */,
				A342CBD72CD7C4C5D6EE7A30 /* Pods-FlashWords.release.xcconfig */,
			);
			path = Pods;
			sourceTree = "<group>";
		};
		9C4E96C2F571ED3CE5940603 /* Frameworks */ = {
			isa = PBXGroup;
			children = (
				A4F5D31A2065704322441BBA /* Pods_FlashWords.framework */,
			);
			name = Frameworks;
			sourceTree = "<group>";
		};
		A9281F5E2964A72E00393585 /* WordListModel */ = {
			isa = PBXGroup;
			children = (
				A9EDB7E8295730ED001CDE86 /* WordsModelDB.swift */,
				A9EDB7ED2957325B001CDE86 /* WordsModelNonDB.swift */,
			);
			path = WordListModel;
			sourceTree = "<group>";
		};
		A9281F612964A74800393585 /* FoldersModel */ = {
			isa = PBXGroup;
			children = (
				A9281F5F2964A74300393585 /* FoldersModelDB.swift */,
				A9281F622964A75600393585 /* FoldersModelNonDB.swift */,
			);
			path = FoldersModel;
			sourceTree = "<group>";
		};
		A92FE73B294E0AA10025118C /* Resources */ = {
			isa = PBXGroup;
			children = (
				A9F9DCC2294A64AD00055BEF /* Fonts.swift */,
				A9C152FC294A7613004A0662 /* Titles.swift */,
				A9C1530B294A868A004A0662 /* Images.swift */,
				A92FE745294E82CB0025118C /* Symbols.swift */,
			);
			path = Resources;
			sourceTree = "<group>";
		};
		A92FE73E294E0B310025118C /* Extensions */ = {
			isa = PBXGroup;
			children = (
				A92FE73C294E0B2E0025118C /* String+Sizes.swift */,
				A92FE741294E748D0025118C /* UIViewController+KeyboardDismiss.swift */,
			);
			path = Extensions;
			sourceTree = "<group>";
		};
		A96F74E5296730460066F668 /* FoldersVC */ = {
			isa = PBXGroup;
			children = (
				A9A7E7A0297CA07500B4B036 /* Cell */,
				A96F74E32967303B0066F668 /* FoldersTableVC.swift */,
				A96F74E62967305D0066F668 /* FoldersTableViewModel.swift */,
			);
			path = FoldersVC;
			sourceTree = "<group>";
		};
		A96F74EA2967324E0066F668 /* Managers */ = {
			isa = PBXGroup;
			children = (
				A96F74E8296732490066F668 /* StorageManager.swift */,
			);
			path = Managers;
			sourceTree = "<group>";
		};
		A9A7E7A0297CA07500B4B036 /* Cell */ = {
			isa = PBXGroup;
			children = (
				A9A7E79C297CA01B00B4B036 /* FolderTableViewCell.swift */,
				A9A7E79E297CA07200B4B036 /* FolderTableViewCellViewModel.swift */,
			);
			path = Cell;
			sourceTree = "<group>";
		};
		A9C152F9294A6F63004A0662 /* Assets */ = {
			isa = PBXGroup;
			children = (
				A9F9DCB0294A623300055BEF /* Images.xcassets */,
				A9C152F7294A6BC6004A0662 /* Colors.xcassets */,
				A9C152FA294A6FB3004A0662 /* Colors.swift */,
			);
			path = Assets;
			sourceTree = "<group>";
		};
		A9C152FE294A775A004A0662 /* Fonts */ = {
			isa = PBXGroup;
			children = (
				A9C15305294A7C25004A0662 /* Avenir.ttc */,
				A9C15309294A8386004A0662 /* Avenir Black.ttc */,
				A92FE743294E7F570025118C /* Avenir Medium.ttc */,
			);
			path = Fonts;
			sourceTree = "<group>";
		};
		A9C944182964E5E30092B02F /* WordListCollectionVC */ = {
			isa = PBXGroup;
			children = (
				A9C9441B2964E5E30092B02F /* Cell */,
				A9C9441F2964E5E30092B02F /* Views */,
				A9C944192964E5E30092B02F /* WordListTableVC.swift */,
				A9C9441E2964E5E30092B02F /* WordListTableViewModel.swift */,
			);
			path = WordListCollectionVC;
			sourceTree = "<group>";
		};
		A9C9441B2964E5E30092B02F /* Cell */ = {
			isa = PBXGroup;
			children = (
				A9C9441D2964E5E30092B02F /* WordTableViewCell.swift */,
				A9C9441C2964E5E30092B02F /* WordTableViewCellViewModel.swift */,
			);
			path = Cell;
			sourceTree = "<group>";
		};
		A9C9441F2964E5E30092B02F /* Views */ = {
			isa = PBXGroup;
			children = (
				A9C944202964E5E30092B02F /* NewWordInputView.swift */,
				A9C944212964E5E30092B02F /* NewWordInputViewModel.swift */,
			);
			path = Views;
			sourceTree = "<group>";
		};
		A9EDB7EA29573205001CDE86 /* DBModels */ = {
			isa = PBXGroup;
			children = (
				A9281F5E2964A72E00393585 /* WordListModel */,
				A9281F612964A74800393585 /* FoldersModel */,
				A96F74EA2967324E0066F668 /* Managers */,
			);
			path = DBModels;
			sourceTree = "<group>";
		};
		A9F9DC9B294A623100055BEF = {
			isa = PBXGroup;
			children = (
				A9F9DCA6294A623100055BEF /* FlashWords */,
				A9F9DCA5294A623100055BEF /* Products */,
				71B7C62BFBB80EB9F0FDD2B6 /* Pods */,
				9C4E96C2F571ED3CE5940603 /* Frameworks */,
			);
			sourceTree = "<group>";
		};
		A9F9DCA5294A623100055BEF /* Products */ = {
			isa = PBXGroup;
			children = (
				A9F9DCA4294A623100055BEF /* FlashWords.app */,
			);
			name = Products;
			sourceTree = "<group>";
		};
		A9F9DCA6294A623100055BEF /* FlashWords */ = {
			isa = PBXGroup;
			children = (
				A9F9DCC1294A64AD00055BEF /* Tools */,
				A9EDB7EA29573205001CDE86 /* DBModels */,
				A96F74E5296730460066F668 /* FoldersVC */,
				A9C944182964E5E30092B02F /* WordListCollectionVC */,
				A9F9DCC4294A64B300055BEF /* Supporting Files */,
			);
			path = FlashWords;
			sourceTree = "<group>";
		};
		A9F9DCC1294A64AD00055BEF /* Tools */ = {
			isa = PBXGroup;
			children = (
				A92FE73B294E0AA10025118C /* Resources */,
				A92FE73E294E0B310025118C /* Extensions */,
				A9EDB7EB2957323A001CDE86 /* DBError.swift */,
				A90FDAA0298DCAFA00F04809 /* AnyCancellableManager.swift */,
			);
			path = Tools;
			sourceTree = "<group>";
		};
		A9F9DCC4294A64B300055BEF /* Supporting Files */ = {
			isa = PBXGroup;
			children = (
				A9F9DCA7294A623100055BEF /* AppDelegate.swift */,
				A9F9DCA9294A623100055BEF /* SceneDelegate.swift */,
				A9C152F9294A6F63004A0662 /* Assets */,
				A9C152FE294A775A004A0662 /* Fonts */,
				A9F9DCB2294A623300055BEF /* LaunchScreen.storyboard */,
				A9F9DCB5294A623300055BEF /* Info.plist */,
			);
			path = "Supporting Files";
			sourceTree = "<group>";
		};
/* End PBXGroup section */

/* Begin PBXNativeTarget section */
		A9F9DCA3294A623100055BEF /* FlashWords */ = {
			isa = PBXNativeTarget;
			buildConfigurationList = A9F9DCB8294A623300055BEF /* Build configuration list for PBXNativeTarget "FlashWords" */;
			buildPhases = (
				F5BD3C24722A65D220231D7C /* [CP] Check Pods Manifest.lock */,
				A9F9DCA0294A623100055BEF /* Sources */,
				A9F9DCA1294A623100055BEF /* Frameworks */,
				A9F9DCA2294A623100055BEF /* Resources */,
				C5093584C65FDACBB32C504B /* [CP] Embed Pods Frameworks */,
			);
			buildRules = (
			);
			dependencies = (
			);
			name = FlashWords;
			packageProductDependencies = (
				A9F9DCBC294A63ED00055BEF /* SnapKit */,
				A9F9DCBF294A641C00055BEF /* SwiftExtension */,
			);
			productName = FlashWords;
			productReference = A9F9DCA4294A623100055BEF /* FlashWords.app */;
			productType = "com.apple.product-type.application";
		};
/* End PBXNativeTarget section */

/* Begin PBXProject section */
		A9F9DC9C294A623100055BEF /* Project object */ = {
			isa = PBXProject;
			attributes = {
				BuildIndependentTargetsInParallel = 1;
				LastSwiftUpdateCheck = 1400;
				LastUpgradeCheck = 1400;
				TargetAttributes = {
					A9F9DCA3294A623100055BEF = {
						CreatedOnToolsVersion = 14.0.1;
					};
				};
			};
			buildConfigurationList = A9F9DC9F294A623100055BEF /* Build configuration list for PBXProject "FlashWords" */;
			compatibilityVersion = "Xcode 14.0";
			developmentRegion = en;
			hasScannedForEncodings = 0;
			knownRegions = (
				en,
				Base,
			);
			mainGroup = A9F9DC9B294A623100055BEF;
			packageReferences = (
				A9F9DCBB294A63ED00055BEF /* XCRemoteSwiftPackageReference "SnapKit" */,
				A9F9DCBE294A641C00055BEF /* XCRemoteSwiftPackageReference "Extensions" */,
			);
			productRefGroup = A9F9DCA5294A623100055BEF /* Products */;
			projectDirPath = "";
			projectRoot = "";
			targets = (
				A9F9DCA3294A623100055BEF /* FlashWords */,
			);
		};
/* End PBXProject section */

/* Begin PBXResourcesBuildPhase section */
		A9F9DCA2294A623100055BEF /* Resources */ = {
			isa = PBXResourcesBuildPhase;
			buildActionMask = 2147483647;
			files = (
				A9C152F8294A6BC6004A0662 /* Colors.xcassets in Resources */,
				A9C1530A294A8386004A0662 /* Avenir Black.ttc in Resources */,
				A92FE744294E7F570025118C /* Avenir Medium.ttc in Resources */,
				A9C15306294A7C25004A0662 /* Avenir.ttc in Resources */,
				A9F9DCB4294A623300055BEF /* LaunchScreen.storyboard in Resources */,
				A9F9DCB1294A623300055BEF /* Images.xcassets in Resources */,
			);
			runOnlyForDeploymentPostprocessing = 0;
		};
/* End PBXResourcesBuildPhase section */

/* Begin PBXShellScriptBuildPhase section */
		C5093584C65FDACBB32C504B /* [CP] Embed Pods Frameworks */ = {
			isa = PBXShellScriptBuildPhase;
			buildActionMask = 2147483647;
			files = (
			);
			inputFileListPaths = (
				"${PODS_ROOT}/Target Support Files/Pods-FlashWords/Pods-FlashWords-frameworks-${CONFIGURATION}-input-files.xcfilelist",
			);
			name = "[CP] Embed Pods Frameworks";
			outputFileListPaths = (
				"${PODS_ROOT}/Target Support Files/Pods-FlashWords/Pods-FlashWords-frameworks-${CONFIGURATION}-output-files.xcfilelist",
			);
			runOnlyForDeploymentPostprocessing = 0;
			shellPath = /bin/sh;
			shellScript = "\"${PODS_ROOT}/Target Support Files/Pods-FlashWords/Pods-FlashWords-frameworks.sh\"\n";
			showEnvVarsInLog = 0;
		};
		F5BD3C24722A65D220231D7C /* [CP] Check Pods Manifest.lock */ = {
			isa = PBXShellScriptBuildPhase;
			buildActionMask = 2147483647;
			files = (
			);
			inputFileListPaths = (
			);
			inputPaths = (
				"${PODS_PODFILE_DIR_PATH}/Podfile.lock",
				"${PODS_ROOT}/Manifest.lock",
			);
			name = "[CP] Check Pods Manifest.lock";
			outputFileListPaths = (
			);
			outputPaths = (
				"$(DERIVED_FILE_DIR)/Pods-FlashWords-checkManifestLockResult.txt",
			);
			runOnlyForDeploymentPostprocessing = 0;
			shellPath = /bin/sh;
			shellScript = "diff \"${PODS_PODFILE_DIR_PATH}/Podfile.lock\" \"${PODS_ROOT}/Manifest.lock\" > /dev/null\nif [ $? != 0 ] ; then\n    # print error to STDERR\n    echo \"error: The sandbox is not in sync with the Podfile.lock. Run 'pod install' or update your CocoaPods installation.\" >&2\n    exit 1\nfi\n# This output is used by Xcode 'outputs' to avoid re-running this script phase.\necho \"SUCCESS\" > \"${SCRIPT_OUTPUT_FILE_0}\"\n";
			showEnvVarsInLog = 0;
		};
/* End PBXShellScriptBuildPhase section */

/* Begin PBXSourcesBuildPhase section */
		A9F9DCA0294A623100055BEF /* Sources */ = {
			isa = PBXSourcesBuildPhase;
			buildActionMask = 2147483647;
			files = (
				A9EDB7EC2957323A001CDE86 /* DBError.swift in Sources */,
				A9C1530C294A868A004A0662 /* Images.swift in Sources */,
				A9C944242964E5E30092B02F /* WordTableViewCellViewModel.swift in Sources */,
				A9C152FD294A7613004A0662 /* Titles.swift in Sources */,
				A96F74E42967303B0066F668 /* FoldersTableVC.swift in Sources */,
				A9F9DCC3294A64AD00055BEF /* Fonts.swift in Sources */,
				A9C152FB294A6FB3004A0662 /* Colors.swift in Sources */,
				A96F74E9296732490066F668 /* StorageManager.swift in Sources */,
				A92FE742294E748D0025118C /* UIViewController+KeyboardDismiss.swift in Sources */,
				A96F74E72967305D0066F668 /* FoldersTableViewModel.swift in Sources */,
				A9F9DCA8294A623100055BEF /* AppDelegate.swift in Sources */,
				A9A7E79D297CA01B00B4B036 /* FolderTableViewCell.swift in Sources */,
				A92FE746294E82CB0025118C /* Symbols.swift in Sources */,
				A9C944272964E5E30092B02F /* NewWordInputView.swift in Sources */,
				A9281F602964A74300393585 /* FoldersModelDB.swift in Sources */,
				A90FDAA1298DCAFA00F04809 /* AnyCancellableManager.swift in Sources */,
				A9281F632964A75600393585 /* FoldersModelNonDB.swift in Sources */,
				A92FE73D294E0B2E0025118C /* String+Sizes.swift in Sources */,
				A9C944282964E5E30092B02F /* NewWordInputViewModel.swift in Sources */,
				A9EDB7EE2957325B001CDE86 /* WordsModelNonDB.swift in Sources */,
				A9F9DCAA294A623100055BEF /* SceneDelegate.swift in Sources */,
				A9C944262964E5E30092B02F /* WordListTableViewModel.swift in Sources */,
				A9C944222964E5E30092B02F /* WordListTableVC.swift in Sources */,
				A9C944252964E5E30092B02F /* WordTableViewCell.swift in Sources */,
				A9EDB7E9295730ED001CDE86 /* WordsModelDB.swift in Sources */,
				A9A7E79F297CA07200B4B036 /* FolderTableViewCellViewModel.swift in Sources */,
			);
			runOnlyForDeploymentPostprocessing = 0;
		};
/* End PBXSourcesBuildPhase section */

/* Begin PBXVariantGroup section */
		A9F9DCB2294A623300055BEF /* LaunchScreen.storyboard */ = {
			isa = PBXVariantGroup;
			children = (
				A9F9DCB3294A623300055BEF /* Base */,
			);
			name = LaunchScreen.storyboard;
			sourceTree = "<group>";
		};
/* End PBXVariantGroup section */

/* Begin XCBuildConfiguration section */
		A9F9DCB6294A623300055BEF /* Debug */ = {
			isa = XCBuildConfiguration;
			buildSettings = {
				ALWAYS_SEARCH_USER_PATHS = NO;
				CLANG_ANALYZER_NONNULL = YES;
				CLANG_ANALYZER_NUMBER_OBJECT_CONVERSION = YES_AGGRESSIVE;
				CLANG_CXX_LANGUAGE_STANDARD = "gnu++20";
				CLANG_ENABLE_MODULES = YES;
				CLANG_ENABLE_OBJC_ARC = YES;
				CLANG_ENABLE_OBJC_WEAK = YES;
				CLANG_WARN_BLOCK_CAPTURE_AUTORELEASING = YES;
				CLANG_WARN_BOOL_CONVERSION = YES;
				CLANG_WARN_COMMA = YES;
				CLANG_WARN_CONSTANT_CONVERSION = YES;
				CLANG_WARN_DEPRECATED_OBJC_IMPLEMENTATIONS = YES;
				CLANG_WARN_DIRECT_OBJC_ISA_USAGE = YES_ERROR;
				CLANG_WARN_DOCUMENTATION_COMMENTS = YES;
				CLANG_WARN_EMPTY_BODY = YES;
				CLANG_WARN_ENUM_CONVERSION = YES;
				CLANG_WARN_INFINITE_RECURSION = YES;
				CLANG_WARN_INT_CONVERSION = YES;
				CLANG_WARN_NON_LITERAL_NULL_CONVERSION = YES;
				CLANG_WARN_OBJC_IMPLICIT_RETAIN_SELF = YES;
				CLANG_WARN_OBJC_LITERAL_CONVERSION = YES;
				CLANG_WARN_OBJC_ROOT_CLASS = YES_ERROR;
				CLANG_WARN_QUOTED_INCLUDE_IN_FRAMEWORK_HEADER = YES;
				CLANG_WARN_RANGE_LOOP_ANALYSIS = YES;
				CLANG_WARN_STRICT_PROTOTYPES = YES;
				CLANG_WARN_SUSPICIOUS_MOVE = YES;
				CLANG_WARN_UNGUARDED_AVAILABILITY = YES_AGGRESSIVE;
				CLANG_WARN_UNREACHABLE_CODE = YES;
				CLANG_WARN__DUPLICATE_METHOD_MATCH = YES;
				COPY_PHASE_STRIP = NO;
				DEBUG_INFORMATION_FORMAT = dwarf;
				ENABLE_STRICT_OBJC_MSGSEND = YES;
				ENABLE_TESTABILITY = YES;
				GCC_C_LANGUAGE_STANDARD = gnu11;
				GCC_DYNAMIC_NO_PIC = NO;
				GCC_NO_COMMON_BLOCKS = YES;
				GCC_OPTIMIZATION_LEVEL = 0;
				GCC_PREPROCESSOR_DEFINITIONS = (
					"DEBUG=1",
					"$(inherited)",
				);
				GCC_WARN_64_TO_32_BIT_CONVERSION = YES;
				GCC_WARN_ABOUT_RETURN_TYPE = YES_ERROR;
				GCC_WARN_UNDECLARED_SELECTOR = YES;
				GCC_WARN_UNINITIALIZED_AUTOS = YES_AGGRESSIVE;
				GCC_WARN_UNUSED_FUNCTION = YES;
				GCC_WARN_UNUSED_VARIABLE = YES;
				IPHONEOS_DEPLOYMENT_TARGET = 13.0;
				MTL_ENABLE_DEBUG_INFO = INCLUDE_SOURCE;
				MTL_FAST_MATH = YES;
				ONLY_ACTIVE_ARCH = YES;
				SDKROOT = iphoneos;
				SWIFT_ACTIVE_COMPILATION_CONDITIONS = DEBUG;
				SWIFT_OPTIMIZATION_LEVEL = "-Onone";
			};
			name = Debug;
		};
		A9F9DCB7294A623300055BEF /* Release */ = {
			isa = XCBuildConfiguration;
			buildSettings = {
				ALWAYS_SEARCH_USER_PATHS = NO;
				CLANG_ANALYZER_NONNULL = YES;
				CLANG_ANALYZER_NUMBER_OBJECT_CONVERSION = YES_AGGRESSIVE;
				CLANG_CXX_LANGUAGE_STANDARD = "gnu++20";
				CLANG_ENABLE_MODULES = YES;
				CLANG_ENABLE_OBJC_ARC = YES;
				CLANG_ENABLE_OBJC_WEAK = YES;
				CLANG_WARN_BLOCK_CAPTURE_AUTORELEASING = YES;
				CLANG_WARN_BOOL_CONVERSION = YES;
				CLANG_WARN_COMMA = YES;
				CLANG_WARN_CONSTANT_CONVERSION = YES;
				CLANG_WARN_DEPRECATED_OBJC_IMPLEMENTATIONS = YES;
				CLANG_WARN_DIRECT_OBJC_ISA_USAGE = YES_ERROR;
				CLANG_WARN_DOCUMENTATION_COMMENTS = YES;
				CLANG_WARN_EMPTY_BODY = YES;
				CLANG_WARN_ENUM_CONVERSION = YES;
				CLANG_WARN_INFINITE_RECURSION = YES;
				CLANG_WARN_INT_CONVERSION = YES;
				CLANG_WARN_NON_LITERAL_NULL_CONVERSION = YES;
				CLANG_WARN_OBJC_IMPLICIT_RETAIN_SELF = YES;
				CLANG_WARN_OBJC_LITERAL_CONVERSION = YES;
				CLANG_WARN_OBJC_ROOT_CLASS = YES_ERROR;
				CLANG_WARN_QUOTED_INCLUDE_IN_FRAMEWORK_HEADER = YES;
				CLANG_WARN_RANGE_LOOP_ANALYSIS = YES;
				CLANG_WARN_STRICT_PROTOTYPES = YES;
				CLANG_WARN_SUSPICIOUS_MOVE = YES;
				CLANG_WARN_UNGUARDED_AVAILABILITY = YES_AGGRESSIVE;
				CLANG_WARN_UNREACHABLE_CODE = YES;
				CLANG_WARN__DUPLICATE_METHOD_MATCH = YES;
				COPY_PHASE_STRIP = NO;
				DEBUG_INFORMATION_FORMAT = "dwarf-with-dsym";
				ENABLE_NS_ASSERTIONS = NO;
				ENABLE_STRICT_OBJC_MSGSEND = YES;
				GCC_C_LANGUAGE_STANDARD = gnu11;
				GCC_NO_COMMON_BLOCKS = YES;
				GCC_WARN_64_TO_32_BIT_CONVERSION = YES;
				GCC_WARN_ABOUT_RETURN_TYPE = YES_ERROR;
				GCC_WARN_UNDECLARED_SELECTOR = YES;
				GCC_WARN_UNINITIALIZED_AUTOS = YES_AGGRESSIVE;
				GCC_WARN_UNUSED_FUNCTION = YES;
				GCC_WARN_UNUSED_VARIABLE = YES;
				IPHONEOS_DEPLOYMENT_TARGET = 13.0;
				MTL_ENABLE_DEBUG_INFO = NO;
				MTL_FAST_MATH = YES;
				SDKROOT = iphoneos;
				SWIFT_COMPILATION_MODE = wholemodule;
				SWIFT_OPTIMIZATION_LEVEL = "-O";
				VALIDATE_PRODUCT = YES;
			};
			name = Release;
		};
		A9F9DCB9294A623300055BEF /* Debug */ = {
			isa = XCBuildConfiguration;
			baseConfigurationReference = DFDBDC7D6AB252E63F4FA1AB /* Pods-FlashWords.debug.xcconfig */;
			buildSettings = {
				ASSETCATALOG_COMPILER_APPICON_NAME = AppIcon;
				ASSETCATALOG_COMPILER_GLOBAL_ACCENT_COLOR_NAME = AccentColor;
				CODE_SIGN_STYLE = Automatic;
				CURRENT_PROJECT_VERSION = 1;
				DEVELOPMENT_TEAM = CY87MBJTCB;
				GENERATE_INFOPLIST_FILE = YES;
				INFOPLIST_FILE = "FlashWords/Supporting Files/Info.plist";
				INFOPLIST_KEY_UIApplicationSupportsIndirectInputEvents = YES;
				INFOPLIST_KEY_UILaunchStoryboardName = LaunchScreen.storyboard;
				INFOPLIST_KEY_UIStatusBarStyle = UIStatusBarStyleDarkContent;
				INFOPLIST_KEY_UISupportedInterfaceOrientations = UIInterfaceOrientationPortrait;
				INFOPLIST_KEY_UISupportedInterfaceOrientations_iPad = "UIInterfaceOrientationLandscapeLeft UIInterfaceOrientationLandscapeRight UIInterfaceOrientationPortrait UIInterfaceOrientationPortraitUpsideDown";
				LD_RUNPATH_SEARCH_PATHS = (
					"$(inherited)",
					"@executable_path/Frameworks",
				);
				MARKETING_VERSION = 1.0;
				PRODUCT_BUNDLE_IDENTIFIER = irklch.FlashWords;
				PRODUCT_NAME = "$(TARGET_NAME)";
				SUPPORTED_PLATFORMS = "iphoneos iphonesimulator";
				SUPPORTS_MACCATALYST = NO;
				SUPPORTS_MAC_DESIGNED_FOR_IPHONE_IPAD = NO;
				SWIFT_EMIT_LOC_STRINGS = YES;
				SWIFT_VERSION = 5.0;
				TARGETED_DEVICE_FAMILY = 1;
			};
			name = Debug;
		};
		A9F9DCBA294A623300055BEF /* Release */ = {
			isa = XCBuildConfiguration;
			baseConfigurationReference = A342CBD72CD7C4C5D6EE7A30 /* Pods-FlashWords.release.xcconfig */;
			buildSettings = {
				ASSETCATALOG_COMPILER_APPICON_NAME = AppIcon;
				ASSETCATALOG_COMPILER_GLOBAL_ACCENT_COLOR_NAME = AccentColor;
				CODE_SIGN_STYLE = Automatic;
				CURRENT_PROJECT_VERSION = 1;
				DEVELOPMENT_TEAM = CY87MBJTCB;
				GENERATE_INFOPLIST_FILE = YES;
				INFOPLIST_FILE = "FlashWords/Supporting Files/Info.plist";
				INFOPLIST_KEY_UIApplicationSupportsIndirectInputEvents = YES;
				INFOPLIST_KEY_UILaunchStoryboardName = LaunchScreen.storyboard;
				INFOPLIST_KEY_UIStatusBarStyle = UIStatusBarStyleDarkContent;
				INFOPLIST_KEY_UISupportedInterfaceOrientations = UIInterfaceOrientationPortrait;
				INFOPLIST_KEY_UISupportedInterfaceOrientations_iPad = "UIInterfaceOrientationLandscapeLeft UIInterfaceOrientationLandscapeRight UIInterfaceOrientationPortrait UIInterfaceOrientationPortraitUpsideDown";
				LD_RUNPATH_SEARCH_PATHS = (
					"$(inherited)",
					"@executable_path/Frameworks",
				);
				MARKETING_VERSION = 1.0;
				PRODUCT_BUNDLE_IDENTIFIER = irklch.FlashWords;
				PRODUCT_NAME = "$(TARGET_NAME)";
				SUPPORTED_PLATFORMS = "iphoneos iphonesimulator";
				SUPPORTS_MACCATALYST = NO;
				SUPPORTS_MAC_DESIGNED_FOR_IPHONE_IPAD = NO;
				SWIFT_EMIT_LOC_STRINGS = YES;
				SWIFT_VERSION = 5.0;
				TARGETED_DEVICE_FAMILY = 1;
			};
			name = Release;
		};
/* End XCBuildConfiguration section */

/* Begin XCConfigurationList section */
		A9F9DC9F294A623100055BEF /* Build configuration list for PBXProject "FlashWords" */ = {
			isa = XCConfigurationList;
			buildConfigurations = (
				A9F9DCB6294A623300055BEF /* Debug */,
				A9F9DCB7294A623300055BEF /* Release */,
			);
			defaultConfigurationIsVisible = 0;
			defaultConfigurationName = Release;
		};
		A9F9DCB8294A623300055BEF /* Build configuration list for PBXNativeTarget "FlashWords" */ = {
			isa = XCConfigurationList;
			buildConfigurations = (
				A9F9DCB9294A623300055BEF /* Debug */,
				A9F9DCBA294A623300055BEF /* Release */,
			);
			defaultConfigurationIsVisible = 0;
			defaultConfigurationName = Release;
		};
/* End XCConfigurationList section */

/* Begin XCRemoteSwiftPackageReference section */
		A9F9DCBB294A63ED00055BEF /* XCRemoteSwiftPackageReference "SnapKit" */ = {
			isa = XCRemoteSwiftPackageReference;
			repositoryURL = "https://github.com/SnapKit/SnapKit.git";
			requirement = {
				kind = upToNextMajorVersion;
				minimumVersion = 5.0.1;
			};
		};
		A9F9DCBE294A641C00055BEF /* XCRemoteSwiftPackageReference "Extensions" */ = {
			isa = XCRemoteSwiftPackageReference;
			repositoryURL = "https://github.com/svyat96/Extensions";
			requirement = {
				branch = main;
				kind = branch;
			};
		};
/* End XCRemoteSwiftPackageReference section */

/* Begin XCSwiftPackageProductDependency section */
		A9F9DCBC294A63ED00055BEF /* SnapKit */ = {
			isa = XCSwiftPackageProductDependency;
			package = A9F9DCBB294A63ED00055BEF /* XCRemoteSwiftPackageReference "SnapKit" */;
			productName = SnapKit;
		};
		A9F9DCBF294A641C00055BEF /* SwiftExtension */ = {
			isa = XCSwiftPackageProductDependency;
			package = A9F9DCBE294A641C00055BEF /* XCRemoteSwiftPackageReference "Extensions" */;
			productName = SwiftExtension;
		};
/* End XCSwiftPackageProductDependency section */
	};
	rootObject = A9F9DC9C294A623100055BEF /* Project object */;
}
